
Microsoft Visual Studio Solution File, Format Version 12.00
# Visual Studio 2012
Project("{FAE04EC0-301F-11D3-BF4B-00C04F79EFBC}") = "FileGenerator", "FileGenerator\FileGenerator.csproj", "{9B3727E0-3593-43BF-848D-AB573058795E}"
EndProject
Global
	GlobalSection(SolutionConfigurationPlatforms) = preSolution
		Debug|Any CPU = Debug|Any CPU
		Release|Any CPU = Release|Any CPU
	EndGlobalSection
	GlobalSection(ProjectConfigurationPlatforms) = postSolution
		{9B3727E0-3593-43BF-848D-AB573058795E}.Debug|Any CPU.ActiveCfg = Debug|Any CPU
		{9B3727E0-3593-43BF-848D-AB573058795E}.Debug|Any CPU.Build.0 = Debug|Any CPU
		{9B3727E0-3593-43BF-848D-AB573058795E}.Release|Any CPU.ActiveCfg = Release|Any CPU
		{9B3727E0-3593-43BF-848D-AB573058795E}.Release|Any CPU.Build.0 = Release|Any CPU
	EndGlobalSection
	GlobalSection(SolutionProperties) = preSolution
		HideSolutionNode = FALSE
	EndGlobalSection
EndGlobal
